
Microsoft Visual Studio Solution File, Format Version 12.00
# Visual Studio 2017
Project("{FAE04EC0-301F-11D3-BF4B-00C04F79EFBC}") = "Pruebas 2", "Pruebas 2.csproj", "{55CFCB69-2469-8172-9E0C-653617EB79CC}"
EndProject
Project("{FAE04EC0-301F-11D3-BF4B-00C04F79EFBC}") = "Pruebas 2.Plugins", "Pruebas 2.Plugins.csproj", "{10800AF8-2017-F1C7-BD4F-18E3B3E2E792}"
EndProject
Global
	GlobalSection(SolutionConfigurationPlatforms) = preSolution
		Debug|Any CPU = Debug|Any CPU
		Release|Any CPU = Release|Any CPU
	EndGlobalSection
	GlobalSection(ProjectConfigurationPlatforms) = postSolution
		{55CFCB69-2469-8172-9E0C-653617EB79CC}.Debug|Any CPU.ActiveCfg = Debug|Any CPU
		{55CFCB69-2469-8172-9E0C-653617EB79CC}.Debug|Any CPU.Build.0 = Debug|Any CPU
		{55CFCB69-2469-8172-9E0C-653617EB79CC}.Release|Any CPU.ActiveCfg = Release|Any CPU
		{55CFCB69-2469-8172-9E0C-653617EB79CC}.Release|Any CPU.Build.0 = Release|Any CPU
		{10800AF8-2017-F1C7-BD4F-18E3B3E2E792}.Debug|Any CPU.ActiveCfg = Debug|Any CPU
		{10800AF8-2017-F1C7-BD4F-18E3B3E2E792}.Debug|Any CPU.Build.0 = Debug|Any CPU
		{10800AF8-2017-F1C7-BD4F-18E3B3E2E792}.Release|Any CPU.ActiveCfg = Release|Any CPU
		{10800AF8-2017-F1C7-BD4F-18E3B3E2E792}.Release|Any CPU.Build.0 = Release|Any CPU
	EndGlobalSection
	GlobalSection(SolutionProperties) = preSolution
		HideSolutionNode = FALSE
	EndGlobalSection
EndGlobal
